
Microsoft Visual Studio Solution File, Format Version 12.00
# Visual Studio Version 16
VisualStudioVersion = 16.0.31605.320
MinimumVisualStudioVersion = 10.0.40219.1
Project("{9A19103F-16F7-4668-BE54-9A1E7A4F7556}") = "BeaHelper", "SyrusVoluntariado\BeaHelper.csproj", "{1F80B967-B39A-4572-A6A5-938258419722}"
EndProject
Project("{9A19103F-16F7-4668-BE54-9A1E7A4F7556}") = "BeaHelper.BLL", "BeaHelper.BLL\BeaHelper.BLL.csproj", "{B06EF3F9-E594-465F-930E-D54057912A4F}"
EndProject
Global
	GlobalSection(SolutionConfigurationPlatforms) = preSolution
		Debug|Any CPU = Debug|Any CPU
		Release|Any CPU = Release|Any CPU
	EndGlobalSection
	GlobalSection(ProjectConfigurationPlatforms) = postSolution
		{1F80B967-B39A-4572-A6A5-938258419722}.Debug|Any CPU.ActiveCfg = Debug|Any CPU
		{1F80B967-B39A-4572-A6A5-938258419722}.Debug|Any CPU.Build.0 = Debug|Any CPU
		{1F80B967-B39A-4572-A6A5-938258419722}.Release|Any CPU.ActiveCfg = Release|Any CPU
		{1F80B967-B39A-4572-A6A5-938258419722}.Release|Any CPU.Build.0 = Release|Any CPU
		{B06EF3F9-E594-465F-930E-D54057912A4F}.Debug|Any CPU.ActiveCfg = Debug|Any CPU
		{B06EF3F9-E594-465F-930E-D54057912A4F}.Debug|Any CPU.Build.0 = Debug|Any CPU
		{B06EF3F9-E594-465F-930E-D54057912A4F}.Release|Any CPU.ActiveCfg = Release|Any CPU
		{B06EF3F9-E594-465F-930E-D54057912A4F}.Release|Any CPU.Build.0 = Release|Any CPU
	EndGlobalSection
	GlobalSection(SolutionProperties) = preSolution
		HideSolutionNode = FALSE
	EndGlobalSection
	GlobalSection(ExtensibilityGlobals) = postSolution
		SolutionGuid = {739A4539-F0CC-44AD-B34C-DDCEC8FA5B56}
	EndGlobalSection
EndGlobal
